
Microsoft Visual Studio Solution File, Format Version 12.00
Project("{FAE04EC0-301F-11D3-BF4B-00C04F79EFBC}") = "WpfGame", "WpfGame.csproj", "{81B5AF14-552E-48B2-B3DF-436E6B669225}"
EndProject
Global
	GlobalSection(SolutionConfigurationPlatforms) = preSolution
		Debug|Any CPU = Debug|Any CPU
		Release|Any CPU = Release|Any CPU
	EndGlobalSection
	GlobalSection(ProjectConfigurationPlatforms) = postSolution
		{81B5AF14-552E-48B2-B3DF-436E6B669225}.Debug|Any CPU.ActiveCfg = Debug|Any CPU
		{81B5AF14-552E-48B2-B3DF-436E6B669225}.Debug|Any CPU.Build.0 = Debug|Any CPU
		{81B5AF14-552E-48B2-B3DF-436E6B669225}.Release|Any CPU.ActiveCfg = Release|Any CPU
		{81B5AF14-552E-48B2-B3DF-436E6B669225}.Release|Any CPU.Build.0 = Release|Any CPU
	EndGlobalSection
EndGlobal
